{
  "name": "demo-usage",
  "version": "1.0.0",
  "lockfileVersion": 3,
  "requires": true,
  "packages": {
    "": {
      "name": "demo-usage",
      "version": "1.0.0",
      "license": "ISC",
      "dependencies": {
        "demo-napi": "^1.0.5"
      }
    },
    "..": {
      "version": "1.0.5",
      "hasInstallScript": true,
      "license": "ISC",
      "dependencies": {
        "bindings": "^1.5.0",
        "node-addon-api": "^8.1.0",
        "node-gyp": "^10.2.0"
      }
    },
    "node_modules/demo-napi": {
      "resolved": "..",
      "link": true
    }
  }
}
